// !$*UTF8*$!
{
	archiveVersion = 1;
	classes = {
	};
	objectVersion = 50;
	objects = {

/* Begin PBXBuildFile section */
		436303DC2472682600A070E4 /* NetworkManager.swift in Sources */ = {isa = PBXBuildFile; fileRef = 436303DB2472682600A070E4 /* NetworkManager.swift */; };
		436303DF2472CAE700A070E4 /* ErrorMessage.swift in Sources */ = {isa = PBXBuildFile; fileRef = 436303DE2472CAE700A070E4 /* ErrorMessage.swift */; };
		436303E22472F39A00A070E4 /* FollowerCell.swift in Sources */ = {isa = PBXBuildFile; fileRef = 436303E12472F39A00A070E4 /* FollowerCell.swift */; };
		436303E42472F45700A070E4 /* GFAvatarImageView.swift in Sources */ = {isa = PBXBuildFile; fileRef = 436303E32472F45700A070E4 /* GFAvatarImageView.swift */; };
		43FF8ABC246FD3A000576ACC /* AppDelegate.swift in Sources */ = {isa = PBXBuildFile; fileRef = 43FF8ABB246FD3A000576ACC /* AppDelegate.swift */; };
		43FF8ABE246FD3A000576ACC /* SceneDelegate.swift in Sources */ = {isa = PBXBuildFile; fileRef = 43FF8ABD246FD3A000576ACC /* SceneDelegate.swift */; };
		43FF8AC5246FD3A100576ACC /* Assets.xcassets in Resources */ = {isa = PBXBuildFile; fileRef = 43FF8AC4246FD3A100576ACC /* Assets.xcassets */; };
		43FF8AC8246FD3A100576ACC /* LaunchScreen.storyboard in Resources */ = {isa = PBXBuildFile; fileRef = 43FF8AC6246FD3A100576ACC /* LaunchScreen.storyboard */; };
		43FF8AD0246FDAD600576ACC /* SearchVC.swift in Sources */ = {isa = PBXBuildFile; fileRef = 43FF8ACF246FDAD600576ACC /* SearchVC.swift */; };
		43FF8AD2246FDAFD00576ACC /* FavoritesListVC.swift in Sources */ = {isa = PBXBuildFile; fileRef = 43FF8AD1246FDAFD00576ACC /* FavoritesListVC.swift */; };
		43FF8AD4246FE46A00576ACC /* GFButton.swift in Sources */ = {isa = PBXBuildFile; fileRef = 43FF8AD3246FE46A00576ACC /* GFButton.swift */; };
		43FF8AD6246FE7D600576ACC /* GFTextField.swift in Sources */ = {isa = PBXBuildFile; fileRef = 43FF8AD5246FE7D600576ACC /* GFTextField.swift */; };
		43FF8AD82470502600576ACC /* FollowerListVC.swift in Sources */ = {isa = PBXBuildFile; fileRef = 43FF8AD72470502600576ACC /* FollowerListVC.swift */; };
		43FF8ADA24708E3600576ACC /* GFTitleLabel.swift in Sources */ = {isa = PBXBuildFile; fileRef = 43FF8AD924708E3600576ACC /* GFTitleLabel.swift */; };
		43FF8ADC2470900800576ACC /* GFBodyLabel.swift in Sources */ = {isa = PBXBuildFile; fileRef = 43FF8ADB2470900800576ACC /* GFBodyLabel.swift */; };
		43FF8ADE2470918B00576ACC /* GFAlertVC.swift in Sources */ = {isa = PBXBuildFile; fileRef = 43FF8ADD2470918B00576ACC /* GFAlertVC.swift */; };
		43FF8AE0247111D300576ACC /* UIViewController+Ext.swift in Sources */ = {isa = PBXBuildFile; fileRef = 43FF8ADF247111D300576ACC /* UIViewController+Ext.swift */; };
		43FF8AE724719B1600576ACC /* Follower.swift in Sources */ = {isa = PBXBuildFile; fileRef = 43FF8AE624719B1600576ACC /* Follower.swift */; };
		43FF8AE924719C0500576ACC /* User.swift in Sources */ = {isa = PBXBuildFile; fileRef = 43FF8AE824719C0500576ACC /* User.swift */; };
/* End PBXBuildFile section */

/* Begin PBXFileReference section */
		436303DB2472682600A070E4 /* NetworkManager.swift */ = {isa = PBXFileReference; lastKnownFileType = sourcecode.swift; path = NetworkManager.swift; sourceTree = "<group>"; };
		436303DE2472CAE700A070E4 /* ErrorMessage.swift */ = {isa = PBXFileReference; lastKnownFileType = sourcecode.swift; path = ErrorMessage.swift; sourceTree = "<group>"; };
		436303E12472F39A00A070E4 /* FollowerCell.swift */ = {isa = PBXFileReference; lastKnownFileType = sourcecode.swift; path = FollowerCell.swift; sourceTree = "<group>"; };
		436303E32472F45700A070E4 /* GFAvatarImageView.swift */ = {isa = PBXFileReference; lastKnownFileType = sourcecode.swift; path = GFAvatarImageView.swift; sourceTree = "<group>"; };
		43FF8AB8246FD3A000576ACC /* GitHubFollowers.app */ = {isa = PBXFileReference; explicitFileType = wrapper.application; includeInIndex = 0; path = GitHubFollowers.app; sourceTree = BUILT_PRODUCTS_DIR; };
		43FF8ABB246FD3A000576ACC /* AppDelegate.swift */ = {isa = PBXFileReference; lastKnownFileType = sourcecode.swift; path = AppDelegate.swift; sourceTree = "<group>"; };
		43FF8ABD246FD3A000576ACC /* SceneDelegate.swift */ = {isa = PBXFileReference; lastKnownFileType = sourcecode.swift; path = SceneDelegate.swift; sourceTree = "<group>"; };
		43FF8AC4246FD3A100576ACC /* Assets.xcassets */ = {isa = PBXFileReference; lastKnownFileType = folder.assetcatalog; path = Assets.xcassets; sourceTree = "<group>"; };
		43FF8AC7246FD3A100576ACC /* Base */ = {isa = PBXFileReference; lastKnownFileType = file.storyboard; name = Base; path = Base.lproj/LaunchScreen.storyboard; sourceTree = "<group>"; };
		43FF8AC9246FD3A100576ACC /* Info.plist */ = {isa = PBXFileReference; lastKnownFileType = text.plist.xml; path = Info.plist; sourceTree = "<group>"; };
		43FF8ACF246FDAD600576ACC /* SearchVC.swift */ = {isa = PBXFileReference; lastKnownFileType = sourcecode.swift; path = SearchVC.swift; sourceTree = "<group>"; };
		43FF8AD1246FDAFD00576ACC /* FavoritesListVC.swift */ = {isa = PBXFileReference; lastKnownFileType = sourcecode.swift; path = FavoritesListVC.swift; sourceTree = "<group>"; };
		43FF8AD3246FE46A00576ACC /* GFButton.swift */ = {isa = PBXFileReference; lastKnownFileType = sourcecode.swift; path = GFButton.swift; sourceTree = "<group>"; };
		43FF8AD5246FE7D600576ACC /* GFTextField.swift */ = {isa = PBXFileReference; lastKnownFileType = sourcecode.swift; path = GFTextField.swift; sourceTree = "<group>"; };
		43FF8AD72470502600576ACC /* FollowerListVC.swift */ = {isa = PBXFileReference; lastKnownFileType = sourcecode.swift; path = FollowerListVC.swift; sourceTree = "<group>"; };
		43FF8AD924708E3600576ACC /* GFTitleLabel.swift */ = {isa = PBXFileReference; lastKnownFileType = sourcecode.swift; path = GFTitleLabel.swift; sourceTree = "<group>"; };
		43FF8ADB2470900800576ACC /* GFBodyLabel.swift */ = {isa = PBXFileReference; lastKnownFileType = sourcecode.swift; path = GFBodyLabel.swift; sourceTree = "<group>"; };
		43FF8ADD2470918B00576ACC /* GFAlertVC.swift */ = {isa = PBXFileReference; lastKnownFileType = sourcecode.swift; path = GFAlertVC.swift; sourceTree = "<group>"; };
		43FF8ADF247111D300576ACC /* UIViewController+Ext.swift */ = {isa = PBXFileReference; lastKnownFileType = sourcecode.swift; path = "UIViewController+Ext.swift"; sourceTree = "<group>"; };
		43FF8AE624719B1600576ACC /* Follower.swift */ = {isa = PBXFileReference; lastKnownFileType = sourcecode.swift; path = Follower.swift; sourceTree = "<group>"; };
		43FF8AE824719C0500576ACC /* User.swift */ = {isa = PBXFileReference; lastKnownFileType = sourcecode.swift; path = User.swift; sourceTree = "<group>"; };
/* End PBXFileReference section */

/* Begin PBXFrameworksBuildPhase section */
		43FF8AB5246FD3A000576ACC /* Frameworks */ = {
			isa = PBXFrameworksBuildPhase;
			buildActionMask = 2147483647;
			files = (
			);
			runOnlyForDeploymentPostprocessing = 0;
		};
/* End PBXFrameworksBuildPhase section */

/* Begin PBXGroup section */
		436303DA2472681700A070E4 /* Manager */ = {
			isa = PBXGroup;
			children = (
				436303DB2472682600A070E4 /* NetworkManager.swift */,
			);
			path = Manager;
			sourceTree = "<group>";
		};
		436303DD2472CACF00A070E4 /* Utilities */ = {
			isa = PBXGroup;
			children = (
				436303DE2472CAE700A070E4 /* ErrorMessage.swift */,
			);
			path = Utilities;
			sourceTree = "<group>";
		};
		436303E02472F37D00A070E4 /* Cells */ = {
			isa = PBXGroup;
			children = (
				436303E12472F39A00A070E4 /* FollowerCell.swift */,
			);
			path = Cells;
			sourceTree = "<group>";
		};
		43FF8AAF246FD3A000576ACC = {
			isa = PBXGroup;
			children = (
				43FF8ABA246FD3A000576ACC /* GitHubFollowers */,
				43FF8AB9246FD3A000576ACC /* Products */,
			);
			sourceTree = "<group>";
		};
		43FF8AB9246FD3A000576ACC /* Products */ = {
			isa = PBXGroup;
			children = (
				43FF8AB8246FD3A000576ACC /* GitHubFollowers.app */,
			);
			name = Products;
			sourceTree = "<group>";
		};
		43FF8ABA246FD3A000576ACC /* GitHubFollowers */ = {
			isa = PBXGroup;
			children = (
				436303DD2472CACF00A070E4 /* Utilities */,
				436303DA2472681700A070E4 /* Manager */,
				43FF8AE524719B0300576ACC /* Model */,
				43FF8AE324711EB700576ACC /* Extensions */,
				43FF8AE224711E7000576ACC /* Custom Views */,
				43FF8AE124711E0400576ACC /* ViewController */,
				43FF8AE42471200F00576ACC /* Support */,
				43FF8AC9246FD3A100576ACC /* Info.plist */,
			);
			path = GitHubFollowers;
			sourceTree = "<group>";
		};
		43FF8AE124711E0400576ACC /* ViewController */ = {
			isa = PBXGroup;
			children = (
				43FF8ACF246FDAD600576ACC /* SearchVC.swift */,
				43FF8AD1246FDAFD00576ACC /* FavoritesListVC.swift */,
				43FF8AD72470502600576ACC /* FollowerListVC.swift */,
			);
			path = ViewController;
			sourceTree = "<group>";
		};
		43FF8AE224711E7000576ACC /* Custom Views */ = {
			isa = PBXGroup;
			children = (
				436303E02472F37D00A070E4 /* Cells */,
				43FF8AD3246FE46A00576ACC /* GFButton.swift */,
				43FF8AD5246FE7D600576ACC /* GFTextField.swift */,
				43FF8AD924708E3600576ACC /* GFTitleLabel.swift */,
				43FF8ADB2470900800576ACC /* GFBodyLabel.swift */,
				43FF8ADD2470918B00576ACC /* GFAlertVC.swift */,
				436303E32472F45700A070E4 /* GFAvatarImageView.swift */,
			);
			path = "Custom Views";
			sourceTree = "<group>";
		};
		43FF8AE324711EB700576ACC /* Extensions */ = {
			isa = PBXGroup;
			children = (
				43FF8ADF247111D300576ACC /* UIViewController+Ext.swift */,
			);
			path = Extensions;
			sourceTree = "<group>";
		};
		43FF8AE42471200F00576ACC /* Support */ = {
			isa = PBXGroup;
			children = (
				43FF8ABB246FD3A000576ACC /* AppDelegate.swift */,
				43FF8ABD246FD3A000576ACC /* SceneDelegate.swift */,
				43FF8AC4246FD3A100576ACC /* Assets.xcassets */,
				43FF8AC6246FD3A100576ACC /* LaunchScreen.storyboard */,
			);
			path = Support;
			sourceTree = "<group>";
		};
		43FF8AE524719B0300576ACC /* Model */ = {
			isa = PBXGroup;
			children = (
				43FF8AE624719B1600576ACC /* Follower.swift */,
				43FF8AE824719C0500576ACC /* User.swift */,
			);
			path = Model;
			sourceTree = "<group>";
		};
/* End PBXGroup section */

/* Begin PBXNativeTarget section */
		43FF8AB7246FD3A000576ACC /* GitHubFollowers */ = {
			isa = PBXNativeTarget;
			buildConfigurationList = 43FF8ACC246FD3A100576ACC /* Build configuration list for PBXNativeTarget "GitHubFollowers" */;
			buildPhases = (
				43FF8AB4246FD3A000576ACC /* Sources */,
				43FF8AB5246FD3A000576ACC /* Frameworks */,
				43FF8AB6246FD3A000576ACC /* Resources */,
			);
			buildRules = (
			);
			dependencies = (
			);
			name = GitHubFollowers;
			productName = GitHubFollowers;
			productReference = 43FF8AB8246FD3A000576ACC /* GitHubFollowers.app */;
			productType = "com.apple.product-type.application";
		};
/* End PBXNativeTarget section */

/* Begin PBXProject section */
		43FF8AB0246FD3A000576ACC /* Project object */ = {
			isa = PBXProject;
			attributes = {
				LastSwiftUpdateCheck = 1140;
				LastUpgradeCheck = 1140;
				ORGANIZATIONNAME = "Kittikawin Sontinarakul";
				TargetAttributes = {
					43FF8AB7246FD3A000576ACC = {
						CreatedOnToolsVersion = 11.4.1;
					};
				};
			};
			buildConfigurationList = 43FF8AB3246FD3A000576ACC /* Build configuration list for PBXProject "GitHubFollowers" */;
			compatibilityVersion = "Xcode 9.3";
			developmentRegion = en;
			hasScannedForEncodings = 0;
			knownRegions = (
				en,
				Base,
			);
			mainGroup = 43FF8AAF246FD3A000576ACC;
			productRefGroup = 43FF8AB9246FD3A000576ACC /* Products */;
			projectDirPath = "";
			projectRoot = "";
			targets = (
				43FF8AB7246FD3A000576ACC /* GitHubFollowers */,
			);
		};
/* End PBXProject section */

/* Begin PBXResourcesBuildPhase section */
		43FF8AB6246FD3A000576ACC /* Resources */ = {
			isa = PBXResourcesBuildPhase;
			buildActionMask = 2147483647;
			files = (
				43FF8AC8246FD3A100576ACC /* LaunchScreen.storyboard in Resources */,
				43FF8AC5246FD3A100576ACC /* Assets.xcassets in Resources */,
			);
			runOnlyForDeploymentPostprocessing = 0;
		};
/* End PBXResourcesBuildPhase section */

/* Begin PBXSourcesBuildPhase section */
		43FF8AB4246FD3A000576ACC /* Sources */ = {
			isa = PBXSourcesBuildPhase;
			buildActionMask = 2147483647;
			files = (
				43FF8AE924719C0500576ACC /* User.swift in Sources */,
				43FF8AD6246FE7D600576ACC /* GFTextField.swift in Sources */,
				43FF8AD2246FDAFD00576ACC /* FavoritesListVC.swift in Sources */,
				43FF8AD4246FE46A00576ACC /* GFButton.swift in Sources */,
				43FF8AE0247111D300576ACC /* UIViewController+Ext.swift in Sources */,
				436303E42472F45700A070E4 /* GFAvatarImageView.swift in Sources */,
				43FF8AD0246FDAD600576ACC /* SearchVC.swift in Sources */,
				43FF8ADE2470918B00576ACC /* GFAlertVC.swift in Sources */,
				436303E22472F39A00A070E4 /* FollowerCell.swift in Sources */,
				436303DF2472CAE700A070E4 /* ErrorMessage.swift in Sources */,
				43FF8ADC2470900800576ACC /* GFBodyLabel.swift in Sources */,
				43FF8AE724719B1600576ACC /* Follower.swift in Sources */,
				43FF8ADA24708E3600576ACC /* GFTitleLabel.swift in Sources */,
				436303DC2472682600A070E4 /* NetworkManager.swift in Sources */,
				43FF8AD82470502600576ACC /* FollowerListVC.swift in Sources */,
				43FF8ABC246FD3A000576ACC /* AppDelegate.swift in Sources */,
				43FF8ABE246FD3A000576ACC /* SceneDelegate.swift in Sources */,
			);
			runOnlyForDeploymentPostprocessing = 0;
		};
/* End PBXSourcesBuildPhase section */

/* Begin PBXVariantGroup section */
		43FF8AC6246FD3A100576ACC /* LaunchScreen.storyboard */ = {
			isa = PBXVariantGroup;
			children = (
				43FF8AC7246FD3A100576ACC /* Base */,
			);
			name = LaunchScreen.storyboard;
			sourceTree = "<group>";
		};
/* End PBXVariantGroup section */

/* Begin XCBuildConfiguration section */
		43FF8ACA246FD3A100576ACC /* Debug */ = {
			isa = XCBuildConfiguration;
			buildSettings = {
				ALWAYS_SEARCH_USER_PATHS = NO;
				CLANG_ANALYZER_NONNULL = YES;
				CLANG_ANALYZER_NUMBER_OBJECT_CONVERSION = YES_AGGRESSIVE;
				CLANG_CXX_LANGUAGE_STANDARD = "gnu++14";
				CLANG_CXX_LIBRARY = "libc++";
				CLANG_ENABLE_MODULES = YES;
				CLANG_ENABLE_OBJC_ARC = YES;
				CLANG_ENABLE_OBJC_WEAK = YES;
				CLANG_WARN_BLOCK_CAPTURE_AUTORELEASING = YES;
				CLANG_WARN_BOOL_CONVERSION = YES;
				CLANG_WARN_COMMA = YES;
				CLANG_WARN_CONSTANT_CONVERSION = YES;
				CLANG_WARN_DEPRECATED_OBJC_IMPLEMENTATIONS = YES;
				CLANG_WARN_DIRECT_OBJC_ISA_USAGE = YES_ERROR;
				CLANG_WARN_DOCUMENTATION_COMMENTS = YES;
				CLANG_WARN_EMPTY_BODY = YES;
				CLANG_WARN_ENUM_CONVERSION = YES;
				CLANG_WARN_INFINITE_RECURSION = YES;
				CLANG_WARN_INT_CONVERSION = YES;
				CLANG_WARN_NON_LITERAL_NULL_CONVERSION = YES;
				CLANG_WARN_OBJC_IMPLICIT_RETAIN_SELF = YES;
				CLANG_WARN_OBJC_LITERAL_CONVERSION = YES;
				CLANG_WARN_OBJC_ROOT_CLASS = YES_ERROR;
				CLANG_WARN_RANGE_LOOP_ANALYSIS = YES;
				CLANG_WARN_STRICT_PROTOTYPES = YES;
				CLANG_WARN_SUSPICIOUS_MOVE = YES;
				CLANG_WARN_UNGUARDED_AVAILABILITY = YES_AGGRESSIVE;
				CLANG_WARN_UNREACHABLE_CODE = YES;
				CLANG_WARN__DUPLICATE_METHOD_MATCH = YES;
				COPY_PHASE_STRIP = NO;
				DEBUG_INFORMATION_FORMAT = dwarf;
				ENABLE_STRICT_OBJC_MSGSEND = YES;
				ENABLE_TESTABILITY = YES;
				GCC_C_LANGUAGE_STANDARD = gnu11;
				GCC_DYNAMIC_NO_PIC = NO;
				GCC_NO_COMMON_BLOCKS = YES;
				GCC_OPTIMIZATION_LEVEL = 0;
				GCC_PREPROCESSOR_DEFINITIONS = (
					"DEBUG=1",
					"$(inherited)",
				);
				GCC_WARN_64_TO_32_BIT_CONVERSION = YES;
				GCC_WARN_ABOUT_RETURN_TYPE = YES_ERROR;
				GCC_WARN_UNDECLARED_SELECTOR = YES;
				GCC_WARN_UNINITIALIZED_AUTOS = YES_AGGRESSIVE;
				GCC_WARN_UNUSED_FUNCTION = YES;
				GCC_WARN_UNUSED_VARIABLE = YES;
				IPHONEOS_DEPLOYMENT_TARGET = 13.4;
				MTL_ENABLE_DEBUG_INFO = INCLUDE_SOURCE;
				MTL_FAST_MATH = YES;
				ONLY_ACTIVE_ARCH = YES;
				SDKROOT = iphoneos;
				SWIFT_ACTIVE_COMPILATION_CONDITIONS = DEBUG;
				SWIFT_OPTIMIZATION_LEVEL = "-Onone";
			};
			name = Debug;
		};
		43FF8ACB246FD3A100576ACC /* Release */ = {
			isa = XCBuildConfiguration;
			buildSettings = {
				ALWAYS_SEARCH_USER_PATHS = NO;
				CLANG_ANALYZER_NONNULL = YES;
				CLANG_ANALYZER_NUMBER_OBJECT_CONVERSION = YES_AGGRESSIVE;
				CLANG_CXX_LANGUAGE_STANDARD = "gnu++14";
				CLANG_CXX_LIBRARY = "libc++";
				CLANG_ENABLE_MODULES = YES;
				CLANG_ENABLE_OBJC_ARC = YES;
				CLANG_ENABLE_OBJC_WEAK = YES;
				CLANG_WARN_BLOCK_CAPTURE_AUTORELEASING = YES;
				CLANG_WARN_BOOL_CONVERSION = YES;
				CLANG_WARN_COMMA = YES;
				CLANG_WARN_CONSTANT_CONVERSION = YES;
				CLANG_WARN_DEPRECATED_OBJC_IMPLEMENTATIONS = YES;
				CLANG_WARN_DIRECT_OBJC_ISA_USAGE = YES_ERROR;
				CLANG_WARN_DOCUMENTATION_COMMENTS = YES;
				CLANG_WARN_EMPTY_BODY = YES;
				CLANG_WARN_ENUM_CONVERSION = YES;
				CLANG_WARN_INFINITE_RECURSION = YES;
				CLANG_WARN_INT_CONVERSION = YES;
				CLANG_WARN_NON_LITERAL_NULL_CONVERSION = YES;
				CLANG_WARN_OBJC_IMPLICIT_RETAIN_SELF = YES;
				CLANG_WARN_OBJC_LITERAL_CONVERSION = YES;
				CLANG_WARN_OBJC_ROOT_CLASS = YES_ERROR;
				CLANG_WARN_RANGE_LOOP_ANALYSIS = YES;
				CLANG_WARN_STRICT_PROTOTYPES = YES;
				CLANG_WARN_SUSPICIOUS_MOVE = YES;
				CLANG_WARN_UNGUARDED_AVAILABILITY = YES_AGGRESSIVE;
				CLANG_WARN_UNREACHABLE_CODE = YES;
				CLANG_WARN__DUPLICATE_METHOD_MATCH = YES;
				COPY_PHASE_STRIP = NO;
				DEBUG_INFORMATION_FORMAT = "dwarf-with-dsym";
				ENABLE_NS_ASSERTIONS = NO;
				ENABLE_STRICT_OBJC_MSGSEND = YES;
				GCC_C_LANGUAGE_STANDARD = gnu11;
				GCC_NO_COMMON_BLOCKS = YES;
				GCC_WARN_64_TO_32_BIT_CONVERSION = YES;
				GCC_WARN_ABOUT_RETURN_TYPE = YES_ERROR;
				GCC_WARN_UNDECLARED_SELECTOR = YES;
				GCC_WARN_UNINITIALIZED_AUTOS = YES_AGGRESSIVE;
				GCC_WARN_UNUSED_FUNCTION = YES;
				GCC_WARN_UNUSED_VARIABLE = YES;
				IPHONEOS_DEPLOYMENT_TARGET = 13.4;
				MTL_ENABLE_DEBUG_INFO = NO;
				MTL_FAST_MATH = YES;
				SDKROOT = iphoneos;
				SWIFT_COMPILATION_MODE = wholemodule;
				SWIFT_OPTIMIZATION_LEVEL = "-O";
				VALIDATE_PRODUCT = YES;
			};
			name = Release;
		};
		43FF8ACD246FD3A100576ACC /* Debug */ = {
			isa = XCBuildConfiguration;
			buildSettings = {
				ASSETCATALOG_COMPILER_APPICON_NAME = AppIcon;
				CODE_SIGN_STYLE = Automatic;
				DEVELOPMENT_TEAM = G9368GD97P;
				INFOPLIST_FILE = GitHubFollowers/Info.plist;
				LD_RUNPATH_SEARCH_PATHS = (
					"$(inherited)",
					"@executable_path/Frameworks",
				);
				PRODUCT_BUNDLE_IDENTIFIER = com.kittikawins.GitHubFollowers;
				PRODUCT_NAME = "$(TARGET_NAME)";
				SWIFT_VERSION = 5.0;
				TARGETED_DEVICE_FAMILY = "1,2";
			};
			name = Debug;
		};
		43FF8ACE246FD3A100576ACC /* Release */ = {
			isa = XCBuildConfiguration;
			buildSettings = {
				ASSETCATALOG_COMPILER_APPICON_NAME = AppIcon;
				CODE_SIGN_STYLE = Automatic;
				DEVELOPMENT_TEAM = G9368GD97P;
				INFOPLIST_FILE = GitHubFollowers/Info.plist;
				LD_RUNPATH_SEARCH_PATHS = (
					"$(inherited)",
					"@executable_path/Frameworks",
				);
				PRODUCT_BUNDLE_IDENTIFIER = com.kittikawins.GitHubFollowers;
				PRODUCT_NAME = "$(TARGET_NAME)";
				SWIFT_VERSION = 5.0;
				TARGETED_DEVICE_FAMILY = "1,2";
			};
			name = Release;
		};
/* End XCBuildConfiguration section */

/* Begin XCConfigurationList section */
		43FF8AB3246FD3A000576ACC /* Build configuration list for PBXProject "GitHubFollowers" */ = {
			isa = XCConfigurationList;
			buildConfigurations = (
				43FF8ACA246FD3A100576ACC /* Debug */,
				43FF8ACB246FD3A100576ACC /* Release */,
			);
			defaultConfigurationIsVisible = 0;
			defaultConfigurationName = Release;
		};
		43FF8ACC246FD3A100576ACC /* Build configuration list for PBXNativeTarget "GitHubFollowers" */ = {
			isa = XCConfigurationList;
			buildConfigurations = (
				43FF8ACD246FD3A100576ACC /* Debug */,
				43FF8ACE246FD3A100576ACC /* Release */,
			);
			defaultConfigurationIsVisible = 0;
			defaultConfigurationName = Release;
		};
/* End XCConfigurationList section */
	};
	rootObject = 43FF8AB0246FD3A000576ACC /* Project object */;
}
